
Microsoft Visual Studio Solution File, Format Version 12.00
# Visual Studio Version 17
VisualStudioVersion = 17.9.34607.119
MinimumVisualStudioVersion = 10.0.40219.1
Project("{FAE04EC0-301F-11D3-BF4B-00C04F79EFBC}") = "Typing Club", "Typing Club.csproj", "{91E8B88A-E53E-4E90-B342-5116D3EB8C6E}"
EndProject
Global
	GlobalSection(SolutionConfigurationPlatforms) = preSolution
		Debug|Any CPU = Debug|Any CPU
		Release|Any CPU = Release|Any CPU
	EndGlobalSection
	GlobalSection(ProjectConfigurationPlatforms) = postSolution
		{91E8B88A-E53E-4E90-B342-5116D3EB8C6E}.Debug|Any CPU.ActiveCfg = Debug|Any CPU
		{91E8B88A-E53E-4E90-B342-5116D3EB8C6E}.Debug|Any CPU.Build.0 = Debug|Any CPU
		{91E8B88A-E53E-4E90-B342-5116D3EB8C6E}.Release|Any CPU.ActiveCfg = Release|Any CPU
		{91E8B88A-E53E-4E90-B342-5116D3EB8C6E}.Release|Any CPU.Build.0 = Release|Any CPU
	EndGlobalSection
	GlobalSection(SolutionProperties) = preSolution
		HideSolutionNode = FALSE
	EndGlobalSection
	GlobalSection(ExtensibilityGlobals) = postSolution
		SolutionGuid = {6F410D16-B2BA-4BCD-85D7-36F47E1F8B88}
	EndGlobalSection
EndGlobal
